
Microsoft Visual Studio Solution File, Format Version 12.00
# Visual Studio Version 17
VisualStudioVersion = 17.11.35312.102
MinimumVisualStudioVersion = 10.0.40219.1
Project("{FAE04EC0-301F-11D3-BF4B-00C04F79EFBC}") = "Amaury5TTIProjetPuissance4", "Amaury5TTIProjetPuissance4.csproj", "{E367836A-5F1D-40EA-B4C7-6A6854767095}"
EndProject
Global
	GlobalSection(SolutionConfigurationPlatforms) = preSolution
		Debug|Any CPU = Debug|Any CPU
		Release|Any CPU = Release|Any CPU
	EndGlobalSection
	GlobalSection(ProjectConfigurationPlatforms) = postSolution
		{E367836A-5F1D-40EA-B4C7-6A6854767095}.Debug|Any CPU.ActiveCfg = Debug|Any CPU
		{E367836A-5F1D-40EA-B4C7-6A6854767095}.Debug|Any CPU.Build.0 = Debug|Any CPU
		{E367836A-5F1D-40EA-B4C7-6A6854767095}.Release|Any CPU.ActiveCfg = Release|Any CPU
		{E367836A-5F1D-40EA-B4C7-6A6854767095}.Release|Any CPU.Build.0 = Release|Any CPU
	EndGlobalSection
	GlobalSection(SolutionProperties) = preSolution
		HideSolutionNode = FALSE
	EndGlobalSection
	GlobalSection(ExtensibilityGlobals) = postSolution
		SolutionGuid = {D8227B9C-3195-4E32-9116-B8247B8EFEF2}
	EndGlobalSection
EndGlobal
